// !$*UTF8*$!
{
	archiveVersion = 1;
	classes = {
	};
	objectVersion = 50;
	objects = {

/* Begin PBXBuildFile section */
		9FD98A252542BFEB00FF2C59 /* main.cpp in Sources */ = {isa = PBXBuildFile; fileRef = 9FD98A242542BFEB00FF2C59 /* main.cpp */; };
		9FD98A2E2542C01000FF2C59 /* vectorClass.cpp in Sources */ = {isa = PBXBuildFile; fileRef = 9FD98A2C2542C01000FF2C59 /* vectorClass.cpp */; };
		9FD98A372542C0E100FF2C59 /* vectorClassTests.mm in Sources */ = {isa = PBXBuildFile; fileRef = 9FD98A362542C0E100FF2C59 /* vectorClassTests.mm */; };
/* End PBXBuildFile section */

/* Begin PBXCopyFilesBuildPhase section */
		9FD98A1F2542BFEB00FF2C59 /* CopyFiles */ = {
			isa = PBXCopyFilesBuildPhase;
			buildActionMask = 2147483647;
			dstPath = /usr/share/man/man1/;
			dstSubfolderSpec = 0;
			files = (
			);
			runOnlyForDeploymentPostprocessing = 1;
		};
/* End PBXCopyFilesBuildPhase section */

/* Begin PBXFileReference section */
		9FD98A212542BFEB00FF2C59 /* vectorClass */ = {isa = PBXFileReference; explicitFileType = "compiled.mach-o.executable"; includeInIndex = 0; path = vectorClass; sourceTree = BUILT_PRODUCTS_DIR; };
		9FD98A242542BFEB00FF2C59 /* main.cpp */ = {isa = PBXFileReference; lastKnownFileType = sourcecode.cpp.cpp; path = main.cpp; sourceTree = "<group>"; };
		9FD98A2C2542C01000FF2C59 /* vectorClass.cpp */ = {isa = PBXFileReference; lastKnownFileType = sourcecode.cpp.cpp; path = vectorClass.cpp; sourceTree = "<group>"; };
		9FD98A2D2542C01000FF2C59 /* vectorClass.hpp */ = {isa = PBXFileReference; lastKnownFileType = sourcecode.cpp.h; path = vectorClass.hpp; sourceTree = "<group>"; };
		9FD98A342542C0E100FF2C59 /* vectorClassTests.xctest */ = {isa = PBXFileReference; explicitFileType = wrapper.cfbundle; includeInIndex = 0; path = vectorClassTests.xctest; sourceTree = BUILT_PRODUCTS_DIR; };
		9FD98A362542C0E100FF2C59 /* vectorClassTests.mm */ = {isa = PBXFileReference; lastKnownFileType = sourcecode.cpp.objcpp; path = vectorClassTests.mm; sourceTree = "<group>"; };
		9FD98A382542C0E100FF2C59 /* Info.plist */ = {isa = PBXFileReference; lastKnownFileType = text.plist.xml; path = Info.plist; sourceTree = "<group>"; };
/* End PBXFileReference section */

/* Begin PBXFrameworksBuildPhase section */
		9FD98A1E2542BFEB00FF2C59 /* Frameworks */ = {
			isa = PBXFrameworksBuildPhase;
			buildActionMask = 2147483647;
			files = (
			);
			runOnlyForDeploymentPostprocessing = 0;
		};
		9FD98A312542C0E100FF2C59 /* Frameworks */ = {
			isa = PBXFrameworksBuildPhase;
			buildActionMask = 2147483647;
			files = (
			);
			runOnlyForDeploymentPostprocessing = 0;
		};
/* End PBXFrameworksBuildPhase section */

/* Begin PBXGroup section */
		9FD98A182542BFEB00FF2C59 = {
			isa = PBXGroup;
			children = (
				9FD98A232542BFEB00FF2C59 /* vectorClass */,
				9FD98A352542C0E100FF2C59 /* vectorClassTests */,
				9FD98A222542BFEB00FF2C59 /* Products */,
			);
			sourceTree = "<group>";
		};
		9FD98A222542BFEB00FF2C59 /* Products */ = {
			isa = PBXGroup;
			children = (
				9FD98A212542BFEB00FF2C59 /* vectorClass */,
				9FD98A342542C0E100FF2C59 /* vectorClassTests.xctest */,
			);
			name = Products;
			sourceTree = "<group>";
		};
		9FD98A232542BFEB00FF2C59 /* vectorClass */ = {
			isa = PBXGroup;
			children = (
				9FD98A242542BFEB00FF2C59 /* main.cpp */,
				9FD98A2C2542C01000FF2C59 /* vectorClass.cpp */,
				9FD98A2D2542C01000FF2C59 /* vectorClass.hpp */,
			);
			path = vectorClass;
			sourceTree = "<group>";
		};
		9FD98A352542C0E100FF2C59 /* vectorClassTests */ = {
			isa = PBXGroup;
			children = (
				9FD98A362542C0E100FF2C59 /* vectorClassTests.mm */,
				9FD98A382542C0E100FF2C59 /* Info.plist */,
			);
			path = vectorClassTests;
			sourceTree = "<group>";
		};
/* End PBXGroup section */

/* Begin PBXNativeTarget section */
		9FD98A202542BFEB00FF2C59 /* vectorClass */ = {
			isa = PBXNativeTarget;
			buildConfigurationList = 9FD98A282542BFEB00FF2C59 /* Build configuration list for PBXNativeTarget "vectorClass" */;
			buildPhases = (
				9FD98A1D2542BFEB00FF2C59 /* Sources */,
				9FD98A1E2542BFEB00FF2C59 /* Frameworks */,
				9FD98A1F2542BFEB00FF2C59 /* CopyFiles */,
			);
			buildRules = (
			);
			dependencies = (
			);
			name = vectorClass;
			productName = vectorClass;
			productReference = 9FD98A212542BFEB00FF2C59 /* vectorClass */;
			productType = "com.apple.product-type.tool";
		};
		9FD98A332542C0E100FF2C59 /* vectorClassTests */ = {
			isa = PBXNativeTarget;
			buildConfigurationList = 9FD98A392542C0E100FF2C59 /* Build configuration list for PBXNativeTarget "vectorClassTests" */;
			buildPhases = (
				9FD98A302542C0E100FF2C59 /* Sources */,
				9FD98A312542C0E100FF2C59 /* Frameworks */,
				9FD98A322542C0E100FF2C59 /* Resources */,
			);
			buildRules = (
			);
			dependencies = (
			);
			name = vectorClassTests;
			productName = vectorClassTests;
			productReference = 9FD98A342542C0E100FF2C59 /* vectorClassTests.xctest */;
			productType = "com.apple.product-type.bundle.unit-test";
		};
/* End PBXNativeTarget section */

/* Begin PBXProject section */
		9FD98A192542BFEB00FF2C59 /* Project object */ = {
			isa = PBXProject;
			attributes = {
				LastUpgradeCheck = 1210;
				TargetAttributes = {
					9FD98A202542BFEB00FF2C59 = {
						CreatedOnToolsVersion = 12.1;
					};
					9FD98A332542C0E100FF2C59 = {
						CreatedOnToolsVersion = 12.1;
					};
				};
			};
			buildConfigurationList = 9FD98A1C2542BFEB00FF2C59 /* Build configuration list for PBXProject "vectorClass" */;
			compatibilityVersion = "Xcode 9.3";
			developmentRegion = en;
			hasScannedForEncodings = 0;
			knownRegions = (
				en,
				Base,
			);
			mainGroup = 9FD98A182542BFEB00FF2C59;
			productRefGroup = 9FD98A222542BFEB00FF2C59 /* Products */;
			projectDirPath = "";
			projectRoot = "";
			targets = (
				9FD98A202542BFEB00FF2C59 /* vectorClass */,
				9FD98A332542C0E100FF2C59 /* vectorClassTests */,
			);
		};
/* End PBXProject section */

/* Begin PBXResourcesBuildPhase section */
		9FD98A322542C0E100FF2C59 /* Resources */ = {
			isa = PBXResourcesBuildPhase;
			buildActionMask = 2147483647;
			files = (
			);
			runOnlyForDeploymentPostprocessing = 0;
		};
/* End PBXResourcesBuildPhase section */

/* Begin PBXSourcesBuildPhase section */
		9FD98A1D2542BFEB00FF2C59 /* Sources */ = {
			isa = PBXSourcesBuildPhase;
			buildActionMask = 2147483647;
			files = (
				9FD98A252542BFEB00FF2C59 /* main.cpp in Sources */,
				9FD98A2E2542C01000FF2C59 /* vectorClass.cpp in Sources */,
			);
			runOnlyForDeploymentPostprocessing = 0;
		};
		9FD98A302542C0E100FF2C59 /* Sources */ = {
			isa = PBXSourcesBuildPhase;
			buildActionMask = 2147483647;
			files = (
				9FD98A372542C0E100FF2C59 /* vectorClassTests.mm in Sources */,
			);
			runOnlyForDeploymentPostprocessing = 0;
		};
/* End PBXSourcesBuildPhase section */

/* Begin XCBuildConfiguration section */
		9FD98A262542BFEB00FF2C59 /* Debug */ = {
			isa = XCBuildConfiguration;
			buildSettings = {
				ALWAYS_SEARCH_USER_PATHS = NO;
				CLANG_ANALYZER_NONNULL = YES;
				CLANG_ANALYZER_NUMBER_OBJECT_CONVERSION = YES_AGGRESSIVE;
				CLANG_CXX_LANGUAGE_STANDARD = "gnu++14";
				CLANG_CXX_LIBRARY = "libc++";
				CLANG_ENABLE_MODULES = YES;
				CLANG_ENABLE_OBJC_ARC = YES;
				CLANG_ENABLE_OBJC_WEAK = YES;
				CLANG_WARN_BLOCK_CAPTURE_AUTORELEASING = YES;
				CLANG_WARN_BOOL_CONVERSION = YES;
				CLANG_WARN_COMMA = YES;
				CLANG_WARN_CONSTANT_CONVERSION = YES;
				CLANG_WARN_DEPRECATED_OBJC_IMPLEMENTATIONS = YES;
				CLANG_WARN_DIRECT_OBJC_ISA_USAGE = YES_ERROR;
				CLANG_WARN_DOCUMENTATION_COMMENTS = YES;
				CLANG_WARN_EMPTY_BODY = YES;
				CLANG_WARN_ENUM_CONVERSION = YES;
				CLANG_WARN_INFINITE_RECURSION = YES;
				CLANG_WARN_INT_CONVERSION = YES;
				CLANG_WARN_NON_LITERAL_NULL_CONVERSION = YES;
				CLANG_WARN_OBJC_IMPLICIT_RETAIN_SELF = YES;
				CLANG_WARN_OBJC_LITERAL_CONVERSION = YES;
				CLANG_WARN_OBJC_ROOT_CLASS = YES_ERROR;
				CLANG_WARN_QUOTED_INCLUDE_IN_FRAMEWORK_HEADER = YES;
				CLANG_WARN_RANGE_LOOP_ANALYSIS = YES;
				CLANG_WARN_STRICT_PROTOTYPES = YES;
				CLANG_WARN_SUSPICIOUS_MOVE = YES;
				CLANG_WARN_UNGUARDED_AVAILABILITY = YES_AGGRESSIVE;
				CLANG_WARN_UNREACHABLE_CODE = YES;
				CLANG_WARN__DUPLICATE_METHOD_MATCH = YES;
				COPY_PHASE_STRIP = NO;
				DEBUG_INFORMATION_FORMAT = dwarf;
				ENABLE_STRICT_OBJC_MSGSEND = YES;
				ENABLE_TESTABILITY = YES;
				GCC_C_LANGUAGE_STANDARD = gnu11;
				GCC_DYNAMIC_NO_PIC = NO;
				GCC_NO_COMMON_BLOCKS = YES;
				GCC_OPTIMIZATION_LEVEL = 0;
				GCC_PREPROCESSOR_DEFINITIONS = (
					"DEBUG=1",
					"$(inherited)",
				);
				GCC_WARN_64_TO_32_BIT_CONVERSION = YES;
				GCC_WARN_ABOUT_RETURN_TYPE = YES_ERROR;
				GCC_WARN_UNDECLARED_SELECTOR = YES;
				GCC_WARN_UNINITIALIZED_AUTOS = YES_AGGRESSIVE;
				GCC_WARN_UNUSED_FUNCTION = YES;
				GCC_WARN_UNUSED_VARIABLE = YES;
				MACOSX_DEPLOYMENT_TARGET = 10.15;
				MTL_ENABLE_DEBUG_INFO = INCLUDE_SOURCE;
				MTL_FAST_MATH = YES;
				ONLY_ACTIVE_ARCH = YES;
				SDKROOT = macosx;
			};
			name = Debug;
		};
		9FD98A272542BFEB00FF2C59 /* Release */ = {
			isa = XCBuildConfiguration;
			buildSettings = {
				ALWAYS_SEARCH_USER_PATHS = NO;
				CLANG_ANALYZER_NONNULL = YES;
				CLANG_ANALYZER_NUMBER_OBJECT_CONVERSION = YES_AGGRESSIVE;
				CLANG_CXX_LANGUAGE_STANDARD = "gnu++14";
				CLANG_CXX_LIBRARY = "libc++";
				CLANG_ENABLE_MODULES = YES;
				CLANG_ENABLE_OBJC_ARC = YES;
				CLANG_ENABLE_OBJC_WEAK = YES;
				CLANG_WARN_BLOCK_CAPTURE_AUTORELEASING = YES;
				CLANG_WARN_BOOL_CONVERSION = YES;
				CLANG_WARN_COMMA = YES;
				CLANG_WARN_CONSTANT_CONVERSION = YES;
				CLANG_WARN_DEPRECATED_OBJC_IMPLEMENTATIONS = YES;
				CLANG_WARN_DIRECT_OBJC_ISA_USAGE = YES_ERROR;
				CLANG_WARN_DOCUMENTATION_COMMENTS = YES;
				CLANG_WARN_EMPTY_BODY = YES;
				CLANG_WARN_ENUM_CONVERSION = YES;
				CLANG_WARN_INFINITE_RECURSION = YES;
				CLANG_WARN_INT_CONVERSION = YES;
				CLANG_WARN_NON_LITERAL_NULL_CONVERSION = YES;
				CLANG_WARN_OBJC_IMPLICIT_RETAIN_SELF = YES;
				CLANG_WARN_OBJC_LITERAL_CONVERSION = YES;
				CLANG_WARN_OBJC_ROOT_CLASS = YES_ERROR;
				CLANG_WARN_QUOTED_INCLUDE_IN_FRAMEWORK_HEADER = YES;
				CLANG_WARN_RANGE_LOOP_ANALYSIS = YES;
				CLANG_WARN_STRICT_PROTOTYPES = YES;
				CLANG_WARN_SUSPICIOUS_MOVE = YES;
				CLANG_WARN_UNGUARDED_AVAILABILITY = YES_AGGRESSIVE;
				CLANG_WARN_UNREACHABLE_CODE = YES;
				CLANG_WARN__DUPLICATE_METHOD_MATCH = YES;
				COPY_PHASE_STRIP = NO;
				DEBUG_INFORMATION_FORMAT = "dwarf-with-dsym";
				ENABLE_NS_ASSERTIONS = NO;
				ENABLE_STRICT_OBJC_MSGSEND = YES;
				GCC_C_LANGUAGE_STANDARD = gnu11;
				GCC_NO_COMMON_BLOCKS = YES;
				GCC_WARN_64_TO_32_BIT_CONVERSION = YES;
				GCC_WARN_ABOUT_RETURN_TYPE = YES_ERROR;
				GCC_WARN_UNDECLARED_SELECTOR = YES;
				GCC_WARN_UNINITIALIZED_AUTOS = YES_AGGRESSIVE;
				GCC_WARN_UNUSED_FUNCTION = YES;
				GCC_WARN_UNUSED_VARIABLE = YES;
				MACOSX_DEPLOYMENT_TARGET = 10.15;
				MTL_ENABLE_DEBUG_INFO = NO;
				MTL_FAST_MATH = YES;
				SDKROOT = macosx;
			};
			name = Release;
		};
		9FD98A292542BFEB00FF2C59 /* Debug */ = {
			isa = XCBuildConfiguration;
			buildSettings = {
				CODE_SIGN_STYLE = Automatic;
				PRODUCT_NAME = "$(TARGET_NAME)";
			};
			name = Debug;
		};
		9FD98A2A2542BFEB00FF2C59 /* Release */ = {
			isa = XCBuildConfiguration;
			buildSettings = {
				CODE_SIGN_STYLE = Automatic;
				PRODUCT_NAME = "$(TARGET_NAME)";
			};
			name = Release;
		};
		9FD98A3A2542C0E100FF2C59 /* Debug */ = {
			isa = XCBuildConfiguration;
			buildSettings = {
				CODE_SIGN_STYLE = Automatic;
				COMBINE_HIDPI_IMAGES = YES;
				INFOPLIST_FILE = vectorClassTests/Info.plist;
				LD_RUNPATH_SEARCH_PATHS = (
					"$(inherited)",
					"@executable_path/../Frameworks",
					"@loader_path/../Frameworks",
				);
				PRODUCT_BUNDLE_IDENTIFIER = theos.vectorClassTests;
				PRODUCT_NAME = "$(TARGET_NAME)";
			};
			name = Debug;
		};
		9FD98A3B2542C0E100FF2C59 /* Release */ = {
			isa = XCBuildConfiguration;
			buildSettings = {
				CODE_SIGN_STYLE = Automatic;
				COMBINE_HIDPI_IMAGES = YES;
				INFOPLIST_FILE = vectorClassTests/Info.plist;
				LD_RUNPATH_SEARCH_PATHS = (
					"$(inherited)",
					"@executable_path/../Frameworks",
					"@loader_path/../Frameworks",
				);
				PRODUCT_BUNDLE_IDENTIFIER = theos.vectorClassTests;
				PRODUCT_NAME = "$(TARGET_NAME)";
			};
			name = Release;
		};
/* End XCBuildConfiguration section */

/* Begin XCConfigurationList section */
		9FD98A1C2542BFEB00FF2C59 /* Build configuration list for PBXProject "vectorClass" */ = {
			isa = XCConfigurationList;
			buildConfigurations = (
				9FD98A262542BFEB00FF2C59 /* Debug */,
				9FD98A272542BFEB00FF2C59 /* Release */,
			);
			defaultConfigurationIsVisible = 0;
			defaultConfigurationName = Release;
		};
		9FD98A282542BFEB00FF2C59 /* Build configuration list for PBXNativeTarget "vectorClass" */ = {
			isa = XCConfigurationList;
			buildConfigurations = (
				9FD98A292542BFEB00FF2C59 /* Debug */,
				9FD98A2A2542BFEB00FF2C59 /* Release */,
			);
			defaultConfigurationIsVisible = 0;
			defaultConfigurationName = Release;
		};
		9FD98A392542C0E100FF2C59 /* Build configuration list for PBXNativeTarget "vectorClassTests" */ = {
			isa = XCConfigurationList;
			buildConfigurations = (
				9FD98A3A2542C0E100FF2C59 /* Debug */,
				9FD98A3B2542C0E100FF2C59 /* Release */,
			);
			defaultConfigurationIsVisible = 0;
			defaultConfigurationName = Release;
		};
/* End XCConfigurationList section */
	};
	rootObject = 9FD98A192542BFEB00FF2C59 /* Project object */;
}
